{
  "name": "distancecalculationapi",
  "version": "1.0.0",
  "lockfileVersion": 3,
  "requires": true,
  "packages": {
    "": {
      "name": "distancecalculationapi",
      "version": "1.0.0",
      "license": "ISC",
      "dependencies": {
        "ashraf_distancecalculation_tool": "^1.0.0"
      }
    },
    "node_modules/ashraf_distancecalculation_tool": {
      "version": "1.0.0",
      "resolved": "https://registry.npmjs.org/ashraf_distancecalculation_tool/-/ashraf_distancecalculation_tool-1.0.0.tgz",
      "integrity": "sha512-5VS8kNWVc0Q3gcMSitwJ36JTukEeO/1ya3WqrTukdy622UjAKMd9nwzOe1BNv6LbXW3IOkLPR8YAzpRMZqKZaA=="
    }
  }
}
